// !$*UTF8*$!
{
	archiveVersion = 1;
	classes = {
	};
	objectVersion = 55;
	objects = {

/* Begin PBXBuildFile section */
		803AC166284D18F500795212 /* Tests_iOS.swift in Sources */ = {isa = PBXBuildFile; fileRef = 803AC165284D18F500795212 /* Tests_iOS.swift */; };
		803AC168284D18F500795212 /* Tests_iOSLaunchTests.swift in Sources */ = {isa = PBXBuildFile; fileRef = 803AC167284D18F500795212 /* Tests_iOSLaunchTests.swift */; };
		803AC172284D18F500795212 /* Tests_macOS.swift in Sources */ = {isa = PBXBuildFile; fileRef = 803AC171284D18F500795212 /* Tests_macOS.swift */; };
		803AC174284D18F500795212 /* Tests_macOSLaunchTests.swift in Sources */ = {isa = PBXBuildFile; fileRef = 803AC173284D18F500795212 /* Tests_macOSLaunchTests.swift */; };
		803AC175284D18F500795212 /* QChatApp.swift in Sources */ = {isa = PBXBuildFile; fileRef = 803AC14D284D18F300795212 /* QChatApp.swift */; };
		803AC176284D18F500795212 /* QChatApp.swift in Sources */ = {isa = PBXBuildFile; fileRef = 803AC14D284D18F300795212 /* QChatApp.swift */; };
		803AC177284D18F500795212 /* ContentView.swift in Sources */ = {isa = PBXBuildFile; fileRef = 803AC14E284D18F300795212 /* ContentView.swift */; };
		803AC178284D18F500795212 /* ContentView.swift in Sources */ = {isa = PBXBuildFile; fileRef = 803AC14E284D18F300795212 /* ContentView.swift */; };
		803AC179284D18F500795212 /* Assets.xcassets in Resources */ = {isa = PBXBuildFile; fileRef = 803AC14F284D18F500795212 /* Assets.xcassets */; };
		803AC17A284D18F500795212 /* Assets.xcassets in Resources */ = {isa = PBXBuildFile; fileRef = 803AC14F284D18F500795212 /* Assets.xcassets */; };
/* End PBXBuildFile section */

/* Begin PBXContainerItemProxy section */
		803AC162284D18F500795212 /* PBXContainerItemProxy */ = {
			isa = PBXContainerItemProxy;
			containerPortal = 803AC148284D18F300795212 /* Project object */;
			proxyType = 1;
			remoteGlobalIDString = 803AC153284D18F500795212;
			remoteInfo = "QChat (iOS)";
		};
		803AC16E284D18F500795212 /* PBXContainerItemProxy */ = {
			isa = PBXContainerItemProxy;
			containerPortal = 803AC148284D18F300795212 /* Project object */;
			proxyType = 1;
			remoteGlobalIDString = 803AC159284D18F500795212;
			remoteInfo = "QChat (macOS)";
		};
/* End PBXContainerItemProxy section */

/* Begin PBXFileReference section */
		803AC14D284D18F300795212 /* QChatApp.swift */ = {isa = PBXFileReference; lastKnownFileType = sourcecode.swift; path = QChatApp.swift; sourceTree = "<group>"; };
		803AC14E284D18F300795212 /* ContentView.swift */ = {isa = PBXFileReference; lastKnownFileType = sourcecode.swift; path = ContentView.swift; sourceTree = "<group>"; };
		803AC14F284D18F500795212 /* Assets.xcassets */ = {isa = PBXFileReference; lastKnownFileType = folder.assetcatalog; path = Assets.xcassets; sourceTree = "<group>"; };
		803AC154284D18F500795212 /* QChat.app */ = {isa = PBXFileReference; explicitFileType = wrapper.application; includeInIndex = 0; path = QChat.app; sourceTree = BUILT_PRODUCTS_DIR; };
		803AC15A284D18F500795212 /* QChat.app */ = {isa = PBXFileReference; explicitFileType = wrapper.application; includeInIndex = 0; path = QChat.app; sourceTree = BUILT_PRODUCTS_DIR; };
		803AC15C284D18F500795212 /* macOS.entitlements */ = {isa = PBXFileReference; lastKnownFileType = text.plist.entitlements; path = macOS.entitlements; sourceTree = "<group>"; };
		803AC161284D18F500795212 /* Tests iOS.xctest */ = {isa = PBXFileReference; explicitFileType = wrapper.cfbundle; includeInIndex = 0; path = "Tests iOS.xctest"; sourceTree = BUILT_PRODUCTS_DIR; };
		803AC165284D18F500795212 /* Tests_iOS.swift */ = {isa = PBXFileReference; lastKnownFileType = sourcecode.swift; path = Tests_iOS.swift; sourceTree = "<group>"; };
		803AC167284D18F500795212 /* Tests_iOSLaunchTests.swift */ = {isa = PBXFileReference; lastKnownFileType = sourcecode.swift; path = Tests_iOSLaunchTests.swift; sourceTree = "<group>"; };
		803AC16D284D18F500795212 /* Tests macOS.xctest */ = {isa = PBXFileReference; explicitFileType = wrapper.cfbundle; includeInIndex = 0; path = "Tests macOS.xctest"; sourceTree = BUILT_PRODUCTS_DIR; };
		803AC171284D18F500795212 /* Tests_macOS.swift */ = {isa = PBXFileReference; lastKnownFileType = sourcecode.swift; path = Tests_macOS.swift; sourceTree = "<group>"; };
		803AC173284D18F500795212 /* Tests_macOSLaunchTests.swift */ = {isa = PBXFileReference; lastKnownFileType = sourcecode.swift; path = Tests_macOSLaunchTests.swift; sourceTree = "<group>"; };
/* End PBXFileReference section */

/* Begin PBXFrameworksBuildPhase section */
		803AC151284D18F500795212 /* Frameworks */ = {
			isa = PBXFrameworksBuildPhase;
			buildActionMask = 2147483647;
			files = (
			);
			runOnlyForDeploymentPostprocessing = 0;
		};
		803AC157284D18F500795212 /* Frameworks */ = {
			isa = PBXFrameworksBuildPhase;
			buildActionMask = 2147483647;
			files = (
			);
			runOnlyForDeploymentPostprocessing = 0;
		};
		803AC15E284D18F500795212 /* Frameworks */ = {
			isa = PBXFrameworksBuildPhase;
			buildActionMask = 2147483647;
			files = (
			);
			runOnlyForDeploymentPostprocessing = 0;
		};
		803AC16A284D18F500795212 /* Frameworks */ = {
			isa = PBXFrameworksBuildPhase;
			buildActionMask = 2147483647;
			files = (
			);
			runOnlyForDeploymentPostprocessing = 0;
		};
/* End PBXFrameworksBuildPhase section */

/* Begin PBXGroup section */
		803AC147284D18F300795212 = {
			isa = PBXGroup;
			children = (
				803AC14C284D18F300795212 /* Shared */,
				803AC15B284D18F500795212 /* macOS */,
				803AC164284D18F500795212 /* Tests iOS */,
				803AC170284D18F500795212 /* Tests macOS */,
				803AC155284D18F500795212 /* Products */,
			);
			sourceTree = "<group>";
		};
		803AC14C284D18F300795212 /* Shared */ = {
			isa = PBXGroup;
			children = (
				803AC14D284D18F300795212 /* QChatApp.swift */,
				803AC14E284D18F300795212 /* ContentView.swift */,
				803AC14F284D18F500795212 /* Assets.xcassets */,
			);
			path = Shared;
			sourceTree = "<group>";
		};
		803AC155284D18F500795212 /* Products */ = {
			isa = PBXGroup;
			children = (
				803AC154284D18F500795212 /* QChat.app */,
				803AC15A284D18F500795212 /* QChat.app */,
				803AC161284D18F500795212 /* Tests iOS.xctest */,
				803AC16D284D18F500795212 /* Tests macOS.xctest */,
			);
			name = Products;
			sourceTree = "<group>";
		};
		803AC15B284D18F500795212 /* macOS */ = {
			isa = PBXGroup;
			children = (
				803AC15C284D18F500795212 /* macOS.entitlements */,
			);
			path = macOS;
			sourceTree = "<group>";
		};
		803AC164284D18F500795212 /* Tests iOS */ = {
			isa = PBXGroup;
			children = (
				803AC165284D18F500795212 /* Tests_iOS.swift */,
				803AC167284D18F500795212 /* Tests_iOSLaunchTests.swift */,
			);
			path = "Tests iOS";
			sourceTree = "<group>";
		};
		803AC170284D18F500795212 /* Tests macOS */ = {
			isa = PBXGroup;
			children = (
				803AC171284D18F500795212 /* Tests_macOS.swift */,
				803AC173284D18F500795212 /* Tests_macOSLaunchTests.swift */,
			);
			path = "Tests macOS";
			sourceTree = "<group>";
		};
/* End PBXGroup section */

/* Begin PBXNativeTarget section */
		803AC153284D18F500795212 /* QChat (iOS) */ = {
			isa = PBXNativeTarget;
			buildConfigurationList = 803AC17D284D18F500795212 /* Build configuration list for PBXNativeTarget "QChat (iOS)" */;
			buildPhases = (
				803AC150284D18F500795212 /* Sources */,
				803AC151284D18F500795212 /* Frameworks */,
				803AC152284D18F500795212 /* Resources */,
			);
			buildRules = (
			);
			dependencies = (
			);
			name = "QChat (iOS)";
			productName = "QChat (iOS)";
			productReference = 803AC154284D18F500795212 /* QChat.app */;
			productType = "com.apple.product-type.application";
		};
		803AC159284D18F500795212 /* QChat (macOS) */ = {
			isa = PBXNativeTarget;
			buildConfigurationList = 803AC180284D18F500795212 /* Build configuration list for PBXNativeTarget "QChat (macOS)" */;
			buildPhases = (
				803AC156284D18F500795212 /* Sources */,
				803AC157284D18F500795212 /* Frameworks */,
				803AC158284D18F500795212 /* Resources */,
			);
			buildRules = (
			);
			dependencies = (
			);
			name = "QChat (macOS)";
			productName = "QChat (macOS)";
			productReference = 803AC15A284D18F500795212 /* QChat.app */;
			productType = "com.apple.product-type.application";
		};
		803AC160284D18F500795212 /* Tests iOS */ = {
			isa = PBXNativeTarget;
			buildConfigurationList = 803AC183284D18F500795212 /* Build configuration list for PBXNativeTarget "Tests iOS" */;
			buildPhases = (
				803AC15D284D18F500795212 /* Sources */,
				803AC15E284D18F500795212 /* Frameworks */,
				803AC15F284D18F500795212 /* Resources */,
			);
			buildRules = (
			);
			dependencies = (
				803AC163284D18F500795212 /* PBXTargetDependency */,
			);
			name = "Tests iOS";
			productName = "Tests iOS";
			productReference = 803AC161284D18F500795212 /* Tests iOS.xctest */;
			productType = "com.apple.product-type.bundle.ui-testing";
		};
		803AC16C284D18F500795212 /* Tests macOS */ = {
			isa = PBXNativeTarget;
			buildConfigurationList = 803AC186284D18F500795212 /* Build configuration list for PBXNativeTarget "Tests macOS" */;
			buildPhases = (
				803AC169284D18F500795212 /* Sources */,
				803AC16A284D18F500795212 /* Frameworks */,
				803AC16B284D18F500795212 /* Resources */,
			);
			buildRules = (
			);
			dependencies = (
				803AC16F284D18F500795212 /* PBXTargetDependency */,
			);
			name = "Tests macOS";
			productName = "Tests macOS";
			productReference = 803AC16D284D18F500795212 /* Tests macOS.xctest */;
			productType = "com.apple.product-type.bundle.ui-testing";
		};
/* End PBXNativeTarget section */

/* Begin PBXProject section */
		803AC148284D18F300795212 /* Project object */ = {
			isa = PBXProject;
			attributes = {
				BuildIndependentTargetsInParallel = 1;
				LastSwiftUpdateCheck = 1340;
				LastUpgradeCheck = 1340;
				TargetAttributes = {
					803AC153284D18F500795212 = {
						CreatedOnToolsVersion = 13.4.1;
					};
					803AC159284D18F500795212 = {
						CreatedOnToolsVersion = 13.4.1;
					};
					803AC160284D18F500795212 = {
						CreatedOnToolsVersion = 13.4.1;
						TestTargetID = 803AC153284D18F500795212;
					};
					803AC16C284D18F500795212 = {
						CreatedOnToolsVersion = 13.4.1;
						TestTargetID = 803AC159284D18F500795212;
					};
				};
			};
			buildConfigurationList = 803AC14B284D18F300795212 /* Build configuration list for PBXProject "QChat" */;
			compatibilityVersion = "Xcode 13.0";
			developmentRegion = en;
			hasScannedForEncodings = 0;
			knownRegions = (
				en,
				Base,
			);
			mainGroup = 803AC147284D18F300795212;
			productRefGroup = 803AC155284D18F500795212 /* Products */;
			projectDirPath = "";
			projectRoot = "";
			targets = (
				803AC153284D18F500795212 /* QChat (iOS) */,
				803AC159284D18F500795212 /* QChat (macOS) */,
				803AC160284D18F500795212 /* Tests iOS */,
				803AC16C284D18F500795212 /* Tests macOS */,
			);
		};
/* End PBXProject section */

/* Begin PBXResourcesBuildPhase section */
		803AC152284D18F500795212 /* Resources */ = {
			isa = PBXResourcesBuildPhase;
			buildActionMask = 2147483647;
			files = (
				803AC179284D18F500795212 /* Assets.xcassets in Resources */,
			);
			runOnlyForDeploymentPostprocessing = 0;
		};
		803AC158284D18F500795212 /* Resources */ = {
			isa = PBXResourcesBuildPhase;
			buildActionMask = 2147483647;
			files = (
				803AC17A284D18F500795212 /* Assets.xcassets in Resources */,
			);
			runOnlyForDeploymentPostprocessing = 0;
		};
		803AC15F284D18F500795212 /* Resources */ = {
			isa = PBXResourcesBuildPhase;
			buildActionMask = 2147483647;
			files = (
			);
			runOnlyForDeploymentPostprocessing = 0;
		};
		803AC16B284D18F500795212 /* Resources */ = {
			isa = PBXResourcesBuildPhase;
			buildActionMask = 2147483647;
			files = (
			);
			runOnlyForDeploymentPostprocessing = 0;
		};
/* End PBXResourcesBuildPhase section */

/* Begin PBXSourcesBuildPhase section */
		803AC150284D18F500795212 /* Sources */ = {
			isa = PBXSourcesBuildPhase;
			buildActionMask = 2147483647;
			files = (
				803AC177284D18F500795212 /* ContentView.swift in Sources */,
				803AC175284D18F500795212 /* QChatApp.swift in Sources */,
			);
			runOnlyForDeploymentPostprocessing = 0;
		};
		803AC156284D18F500795212 /* Sources */ = {
			isa = PBXSourcesBuildPhase;
			buildActionMask = 2147483647;
			files = (
				803AC178284D18F500795212 /* ContentView.swift in Sources */,
				803AC176284D18F500795212 /* QChatApp.swift in Sources */,
			);
			runOnlyForDeploymentPostprocessing = 0;
		};
		803AC15D284D18F500795212 /* Sources */ = {
			isa = PBXSourcesBuildPhase;
			buildActionMask = 2147483647;
			files = (
				803AC168284D18F500795212 /* Tests_iOSLaunchTests.swift in Sources */,
				803AC166284D18F500795212 /* Tests_iOS.swift in Sources */,
			);
			runOnlyForDeploymentPostprocessing = 0;
		};
		803AC169284D18F500795212 /* Sources */ = {
			isa = PBXSourcesBuildPhase;
			buildActionMask = 2147483647;
			files = (
				803AC174284D18F500795212 /* Tests_macOSLaunchTests.swift in Sources */,
				803AC172284D18F500795212 /* Tests_macOS.swift in Sources */,
			);
			runOnlyForDeploymentPostprocessing = 0;
		};
/* End PBXSourcesBuildPhase section */

/* Begin PBXTargetDependency section */
		803AC163284D18F500795212 /* PBXTargetDependency */ = {
			isa = PBXTargetDependency;
			target = 803AC153284D18F500795212 /* QChat (iOS) */;
			targetProxy = 803AC162284D18F500795212 /* PBXContainerItemProxy */;
		};
		803AC16F284D18F500795212 /* PBXTargetDependency */ = {
			isa = PBXTargetDependency;
			target = 803AC159284D18F500795212 /* QChat (macOS) */;
			targetProxy = 803AC16E284D18F500795212 /* PBXContainerItemProxy */;
		};
/* End PBXTargetDependency section */

/* Begin XCBuildConfiguration section */
		803AC17B284D18F500795212 /* Debug */ = {
			isa = XCBuildConfiguration;
			buildSettings = {
				ALWAYS_SEARCH_USER_PATHS = NO;
				CLANG_ANALYZER_NONNULL = YES;
				CLANG_ANALYZER_NUMBER_OBJECT_CONVERSION = YES_AGGRESSIVE;
				CLANG_CXX_LANGUAGE_STANDARD = "gnu++17";
				CLANG_ENABLE_MODULES = YES;
				CLANG_ENABLE_OBJC_ARC = YES;
				CLANG_ENABLE_OBJC_WEAK = YES;
				CLANG_WARN_BLOCK_CAPTURE_AUTORELEASING = YES;
				CLANG_WARN_BOOL_CONVERSION = YES;
				CLANG_WARN_COMMA = YES;
				CLANG_WARN_CONSTANT_CONVERSION = YES;
				CLANG_WARN_DEPRECATED_OBJC_IMPLEMENTATIONS = YES;
				CLANG_WARN_DIRECT_OBJC_ISA_USAGE = YES_ERROR;
				CLANG_WARN_DOCUMENTATION_COMMENTS = YES;
				CLANG_WARN_EMPTY_BODY = YES;
				CLANG_WARN_ENUM_CONVERSION = YES;
				CLANG_WARN_INFINITE_RECURSION = YES;
				CLANG_WARN_INT_CONVERSION = YES;
				CLANG_WARN_NON_LITERAL_NULL_CONVERSION = YES;
				CLANG_WARN_OBJC_IMPLICIT_RETAIN_SELF = YES;
				CLANG_WARN_OBJC_LITERAL_CONVERSION = YES;
				CLANG_WARN_OBJC_ROOT_CLASS = YES_ERROR;
				CLANG_WARN_QUOTED_INCLUDE_IN_FRAMEWORK_HEADER = YES;
				CLANG_WARN_RANGE_LOOP_ANALYSIS = YES;
				CLANG_WARN_STRICT_PROTOTYPES = YES;
				CLANG_WARN_SUSPICIOUS_MOVE = YES;
				CLANG_WARN_UNGUARDED_AVAILABILITY = YES_AGGRESSIVE;
				CLANG_WARN_UNREACHABLE_CODE = YES;
				CLANG_WARN__DUPLICATE_METHOD_MATCH = YES;
				COPY_PHASE_STRIP = NO;
				DEBUG_INFORMATION_FORMAT = dwarf;
				ENABLE_STRICT_OBJC_MSGSEND = YES;
				ENABLE_TESTABILITY = YES;
				GCC_C_LANGUAGE_STANDARD = gnu11;
				GCC_DYNAMIC_NO_PIC = NO;
				GCC_NO_COMMON_BLOCKS = YES;
				GCC_OPTIMIZATION_LEVEL = 0;
				GCC_PREPROCESSOR_DEFINITIONS = (
					"DEBUG=1",
					"$(inherited)",
				);
				GCC_WARN_64_TO_32_BIT_CONVERSION = YES;
				GCC_WARN_ABOUT_RETURN_TYPE = YES_ERROR;
				GCC_WARN_UNDECLARED_SELECTOR = YES;
				GCC_WARN_UNINITIALIZED_AUTOS = YES_AGGRESSIVE;
				GCC_WARN_UNUSED_FUNCTION = YES;
				GCC_WARN_UNUSED_VARIABLE = YES;
				MTL_ENABLE_DEBUG_INFO = INCLUDE_SOURCE;
				MTL_FAST_MATH = YES;
				ONLY_ACTIVE_ARCH = YES;
				SWIFT_ACTIVE_COMPILATION_CONDITIONS = DEBUG;
				SWIFT_OPTIMIZATION_LEVEL = "-Onone";
			};
			name = Debug;
		};
		803AC17C284D18F500795212 /* Release */ = {
			isa = XCBuildConfiguration;
			buildSettings = {
				ALWAYS_SEARCH_USER_PATHS = NO;
				CLANG_ANALYZER_NONNULL = YES;
				CLANG_ANALYZER_NUMBER_OBJECT_CONVERSION = YES_AGGRESSIVE;
				CLANG_CXX_LANGUAGE_STANDARD = "gnu++17";
				CLANG_ENABLE_MODULES = YES;
				CLANG_ENABLE_OBJC_ARC = YES;
				CLANG_ENABLE_OBJC_WEAK = YES;
				CLANG_WARN_BLOCK_CAPTURE_AUTORELEASING = YES;
				CLANG_WARN_BOOL_CONVERSION = YES;
				CLANG_WARN_COMMA = YES;
				CLANG_WARN_CONSTANT_CONVERSION = YES;
				CLANG_WARN_DEPRECATED_OBJC_IMPLEMENTATIONS = YES;
				CLANG_WARN_DIRECT_OBJC_ISA_USAGE = YES_ERROR;
				CLANG_WARN_DOCUMENTATION_COMMENTS = YES;
				CLANG_WARN_EMPTY_BODY = YES;
				CLANG_WARN_ENUM_CONVERSION = YES;
				CLANG_WARN_INFINITE_RECURSION = YES;
				CLANG_WARN_INT_CONVERSION = YES;
				CLANG_WARN_NON_LITERAL_NULL_CONVERSION = YES;
				CLANG_WARN_OBJC_IMPLICIT_RETAIN_SELF = YES;
				CLANG_WARN_OBJC_LITERAL_CONVERSION = YES;
				CLANG_WARN_OBJC_ROOT_CLASS = YES_ERROR;
				CLANG_WARN_QUOTED_INCLUDE_IN_FRAMEWORK_HEADER = YES;
				CLANG_WARN_RANGE_LOOP_ANALYSIS = YES;
				CLANG_WARN_STRICT_PROTOTYPES = YES;
				CLANG_WARN_SUSPICIOUS_MOVE = YES;
				CLANG_WARN_UNGUARDED_AVAILABILITY = YES_AGGRESSIVE;
				CLANG_WARN_UNREACHABLE_CODE = YES;
				CLANG_WARN__DUPLICATE_METHOD_MATCH = YES;
				COPY_PHASE_STRIP = NO;
				DEBUG_INFORMATION_FORMAT = "dwarf-with-dsym";
				ENABLE_NS_ASSERTIONS = NO;
				ENABLE_STRICT_OBJC_MSGSEND = YES;
				GCC_C_LANGUAGE_STANDARD = gnu11;
				GCC_NO_COMMON_BLOCKS = YES;
				GCC_WARN_64_TO_32_BIT_CONVERSION = YES;
				GCC_WARN_ABOUT_RETURN_TYPE = YES_ERROR;
				GCC_WARN_UNDECLARED_SELECTOR = YES;
				GCC_WARN_UNINITIALIZED_AUTOS = YES_AGGRESSIVE;
				GCC_WARN_UNUSED_FUNCTION = YES;
				GCC_WARN_UNUSED_VARIABLE = YES;
				MTL_ENABLE_DEBUG_INFO = NO;
				MTL_FAST_MATH = YES;
				SWIFT_COMPILATION_MODE = wholemodule;
				SWIFT_OPTIMIZATION_LEVEL = "-O";
			};
			name = Release;
		};
		803AC17E284D18F500795212 /* Debug */ = {
			isa = XCBuildConfiguration;
			buildSettings = {
				ASSETCATALOG_COMPILER_APPICON_NAME = AppIcon;
				ASSETCATALOG_COMPILER_GLOBAL_ACCENT_COLOR_NAME = AccentColor;
				CODE_SIGN_STYLE = Automatic;
				CURRENT_PROJECT_VERSION = 1;
				ENABLE_PREVIEWS = YES;
				GENERATE_INFOPLIST_FILE = YES;
				INFOPLIST_KEY_UIApplicationSceneManifest_Generation = YES;
				INFOPLIST_KEY_UIApplicationSupportsIndirectInputEvents = YES;
				INFOPLIST_KEY_UILaunchScreen_Generation = YES;
				INFOPLIST_KEY_UISupportedInterfaceOrientations_iPad = "UIInterfaceOrientationPortrait UIInterfaceOrientationPortraitUpsideDown UIInterfaceOrientationLandscapeLeft UIInterfaceOrientationLandscapeRight";
				INFOPLIST_KEY_UISupportedInterfaceOrientations_iPhone = "UIInterfaceOrientationPortrait UIInterfaceOrientationLandscapeLeft UIInterfaceOrientationLandscapeRight";
				IPHONEOS_DEPLOYMENT_TARGET = 15.5;
				LD_RUNPATH_SEARCH_PATHS = (
					"$(inherited)",
					"@executable_path/Frameworks",
				);
				MARKETING_VERSION = 1.0;
				PRODUCT_BUNDLE_IDENTIFIER = neu.QChat;
				PRODUCT_NAME = QChat;
				SDKROOT = iphoneos;
				SWIFT_EMIT_LOC_STRINGS = YES;
				SWIFT_VERSION = 5.0;
				TARGETED_DEVICE_FAMILY = "1,2";
			};
			name = Debug;
		};
		803AC17F284D18F500795212 /* Release */ = {
			isa = XCBuildConfiguration;
			buildSettings = {
				ASSETCATALOG_COMPILER_APPICON_NAME = AppIcon;
				ASSETCATALOG_COMPILER_GLOBAL_ACCENT_COLOR_NAME = AccentColor;
				CODE_SIGN_STYLE = Automatic;
				CURRENT_PROJECT_VERSION = 1;
				ENABLE_PREVIEWS = YES;
				GENERATE_INFOPLIST_FILE = YES;
				INFOPLIST_KEY_UIApplicationSceneManifest_Generation = YES;
				INFOPLIST_KEY_UIApplicationSupportsIndirectInputEvents = YES;
				INFOPLIST_KEY_UILaunchScreen_Generation = YES;
				INFOPLIST_KEY_UISupportedInterfaceOrientations_iPad = "UIInterfaceOrientationPortrait UIInterfaceOrientationPortraitUpsideDown UIInterfaceOrientationLandscapeLeft UIInterfaceOrientationLandscapeRight";
				INFOPLIST_KEY_UISupportedInterfaceOrientations_iPhone = "UIInterfaceOrientationPortrait UIInterfaceOrientationLandscapeLeft UIInterfaceOrientationLandscapeRight";
				IPHONEOS_DEPLOYMENT_TARGET = 15.5;
				LD_RUNPATH_SEARCH_PATHS = (
					"$(inherited)",
					"@executable_path/Frameworks",
				);
				MARKETING_VERSION = 1.0;
				PRODUCT_BUNDLE_IDENTIFIER = neu.QChat;
				PRODUCT_NAME = QChat;
				SDKROOT = iphoneos;
				SWIFT_EMIT_LOC_STRINGS = YES;
				SWIFT_VERSION = 5.0;
				TARGETED_DEVICE_FAMILY = "1,2";
				VALIDATE_PRODUCT = YES;
			};
			name = Release;
		};
		803AC181284D18F500795212 /* Debug */ = {
			isa = XCBuildConfiguration;
			buildSettings = {
				ASSETCATALOG_COMPILER_APPICON_NAME = AppIcon;
				ASSETCATALOG_COMPILER_GLOBAL_ACCENT_COLOR_NAME = AccentColor;
				CODE_SIGN_ENTITLEMENTS = macOS/macOS.entitlements;
				CODE_SIGN_STYLE = Automatic;
				COMBINE_HIDPI_IMAGES = YES;
				CURRENT_PROJECT_VERSION = 1;
				ENABLE_PREVIEWS = YES;
				GENERATE_INFOPLIST_FILE = YES;
				INFOPLIST_KEY_NSHumanReadableCopyright = "";
				LD_RUNPATH_SEARCH_PATHS = (
					"$(inherited)",
					"@executable_path/../Frameworks",
				);
				MACOSX_DEPLOYMENT_TARGET = 12.3;
				MARKETING_VERSION = 1.0;
				PRODUCT_BUNDLE_IDENTIFIER = neu.QChat;
				PRODUCT_NAME = QChat;
				SDKROOT = macosx;
				SWIFT_EMIT_LOC_STRINGS = YES;
				SWIFT_VERSION = 5.0;
			};
			name = Debug;
		};
		803AC182284D18F500795212 /* Release */ = {
			isa = XCBuildConfiguration;
			buildSettings = {
				ASSETCATALOG_COMPILER_APPICON_NAME = AppIcon;
				ASSETCATALOG_COMPILER_GLOBAL_ACCENT_COLOR_NAME = AccentColor;
				CODE_SIGN_ENTITLEMENTS = macOS/macOS.entitlements;
				CODE_SIGN_STYLE = Automatic;
				COMBINE_HIDPI_IMAGES = YES;
				CURRENT_PROJECT_VERSION = 1;
				ENABLE_PREVIEWS = YES;
				GENERATE_INFOPLIST_FILE = YES;
				INFOPLIST_KEY_NSHumanReadableCopyright = "";
				LD_RUNPATH_SEARCH_PATHS = (
					"$(inherited)",
					"@executable_path/../Frameworks",
				);
				MACOSX_DEPLOYMENT_TARGET = 12.3;
				MARKETING_VERSION = 1.0;
				PRODUCT_BUNDLE_IDENTIFIER = neu.QChat;
				PRODUCT_NAME = QChat;
				SDKROOT = macosx;
				SWIFT_EMIT_LOC_STRINGS = YES;
				SWIFT_VERSION = 5.0;
			};
			name = Release;
		};
		803AC184284D18F500795212 /* Debug */ = {
			isa = XCBuildConfiguration;
			buildSettings = {
				ALWAYS_EMBED_SWIFT_STANDARD_LIBRARIES = YES;
				CODE_SIGN_STYLE = Automatic;
				CURRENT_PROJECT_VERSION = 1;
				GENERATE_INFOPLIST_FILE = YES;
				IPHONEOS_DEPLOYMENT_TARGET = 15.5;
				MARKETING_VERSION = 1.0;
				PRODUCT_BUNDLE_IDENTIFIER = "neu.Tests-iOS";
				PRODUCT_NAME = "$(TARGET_NAME)";
				SDKROOT = iphoneos;
				SWIFT_EMIT_LOC_STRINGS = NO;
				SWIFT_VERSION = 5.0;
				TARGETED_DEVICE_FAMILY = "1,2";
				TEST_TARGET_NAME = "QChat (iOS)";
			};
			name = Debug;
		};
		803AC185284D18F500795212 /* Release */ = {
			isa = XCBuildConfiguration;
			buildSettings = {
				ALWAYS_EMBED_SWIFT_STANDARD_LIBRARIES = YES;
				CODE_SIGN_STYLE = Automatic;
				CURRENT_PROJECT_VERSION = 1;
				GENERATE_INFOPLIST_FILE = YES;
				IPHONEOS_DEPLOYMENT_TARGET = 15.5;
				MARKETING_VERSION = 1.0;
				PRODUCT_BUNDLE_IDENTIFIER = "neu.Tests-iOS";
				PRODUCT_NAME = "$(TARGET_NAME)";
				SDKROOT = iphoneos;
				SWIFT_EMIT_LOC_STRINGS = NO;
				SWIFT_VERSION = 5.0;
				TARGETED_DEVICE_FAMILY = "1,2";
				TEST_TARGET_NAME = "QChat (iOS)";
				VALIDATE_PRODUCT = YES;
			};
			name = Release;
		};
		803AC187284D18F500795212 /* Debug */ = {
			isa = XCBuildConfiguration;
			buildSettings = {
				ALWAYS_EMBED_SWIFT_STANDARD_LIBRARIES = YES;
				CODE_SIGN_STYLE = Automatic;
				CURRENT_PROJECT_VERSION = 1;
				GENERATE_INFOPLIST_FILE = YES;
				MACOSX_DEPLOYMENT_TARGET = 12.3;
				MARKETING_VERSION = 1.0;
				PRODUCT_BUNDLE_IDENTIFIER = "neu.Tests-macOS";
				PRODUCT_NAME = "$(TARGET_NAME)";
				SDKROOT = macosx;
				SWIFT_EMIT_LOC_STRINGS = NO;
				SWIFT_VERSION = 5.0;
				TEST_TARGET_NAME = "QChat (macOS)";
			};
			name = Debug;
		};
		803AC188284D18F500795212 /* Release */ = {
			isa = XCBuildConfiguration;
			buildSettings = {
				ALWAYS_EMBED_SWIFT_STANDARD_LIBRARIES = YES;
				CODE_SIGN_STYLE = Automatic;
				CURRENT_PROJECT_VERSION = 1;
				GENERATE_INFOPLIST_FILE = YES;
				MACOSX_DEPLOYMENT_TARGET = 12.3;
				MARKETING_VERSION = 1.0;
				PRODUCT_BUNDLE_IDENTIFIER = "neu.Tests-macOS";
				PRODUCT_NAME = "$(TARGET_NAME)";
				SDKROOT = macosx;
				SWIFT_EMIT_LOC_STRINGS = NO;
				SWIFT_VERSION = 5.0;
				TEST_TARGET_NAME = "QChat (macOS)";
			};
			name = Release;
		};
/* End XCBuildConfiguration section */

/* Begin XCConfigurationList section */
		803AC14B284D18F300795212 /* Build configuration list for PBXProject "QChat" */ = {
			isa = XCConfigurationList;
			buildConfigurations = (
				803AC17B284D18F500795212 /* Debug */,
				803AC17C284D18F500795212 /* Release */,
			);
			defaultConfigurationIsVisible = 0;
			defaultConfigurationName = Release;
		};
		803AC17D284D18F500795212 /* Build configuration list for PBXNativeTarget "QChat (iOS)" */ = {
			isa = XCConfigurationList;
			buildConfigurations = (
				803AC17E284D18F500795212 /* Debug */,
				803AC17F284D18F500795212 /* Release */,
			);
			defaultConfigurationIsVisible = 0;
			defaultConfigurationName = Release;
		};
		803AC180284D18F500795212 /* Build configuration list for PBXNativeTarget "QChat (macOS)" */ = {
			isa = XCConfigurationList;
			buildConfigurations = (
				803AC181284D18F500795212 /* Debug */,
				803AC182284D18F500795212 /* Release */,
			);
			defaultConfigurationIsVisible = 0;
			defaultConfigurationName = Release;
		};
		803AC183284D18F500795212 /* Build configuration list for PBXNativeTarget "Tests iOS" */ = {
			isa = XCConfigurationList;
			buildConfigurations = (
				803AC184284D18F500795212 /* Debug */,
				803AC185284D18F500795212 /* Release */,
			);
			defaultConfigurationIsVisible = 0;
			defaultConfigurationName = Release;
		};
		803AC186284D18F500795212 /* Build configuration list for PBXNativeTarget "Tests macOS" */ = {
			isa = XCConfigurationList;
			buildConfigurations = (
				803AC187284D18F500795212 /* Debug */,
				803AC188284D18F500795212 /* Release */,
			);
			defaultConfigurationIsVisible = 0;
			defaultConfigurationName = Release;
		};
/* End XCConfigurationList section */
	};
	rootObject = 803AC148284D18F300795212 /* Project object */;
}
